
Microsoft Visual Studio Solution File, Format Version 12.00
# Visual Studio Version 17
VisualStudioVersion = 17.7.34009.444
MinimumVisualStudioVersion = 10.0.40219.1
Project("{FAE04EC0-301F-11D3-BF4B-00C04F79EFBC}") = "02. Doubly Linked List", "02. Doubly Linked List\02. Doubly Linked List.csproj", "{996BC302-BBC8-476D-A802-9BF0DD1DC606}"
EndProject
Project("{FAE04EC0-301F-11D3-BF4B-00C04F79EFBC}") = "03. Reversed List", "03. Reversed List\03. Reversed List.csproj", "{F4926AA6-93EA-4D4D-BA22-9DFB52199B38}"
EndProject
Project("{FAE04EC0-301F-11D3-BF4B-00C04F79EFBC}") = "04. Balanced Parentheses", "04. Balanced Parentheses\04. Balanced Parentheses.csproj", "{DE3D6B82-B17C-4DC9-A2ED-C86FA1485B3A}"
EndProject
Global
	GlobalSection(SolutionConfigurationPlatforms) = preSolution
		Debug|Any CPU = Debug|Any CPU
		Release|Any CPU = Release|Any CPU
	EndGlobalSection
	GlobalSection(ProjectConfigurationPlatforms) = postSolution
		{996BC302-BBC8-476D-A802-9BF0DD1DC606}.Debug|Any CPU.ActiveCfg = Debug|Any CPU
		{996BC302-BBC8-476D-A802-9BF0DD1DC606}.Debug|Any CPU.Build.0 = Debug|Any CPU
		{996BC302-BBC8-476D-A802-9BF0DD1DC606}.Release|Any CPU.ActiveCfg = Release|Any CPU
		{996BC302-BBC8-476D-A802-9BF0DD1DC606}.Release|Any CPU.Build.0 = Release|Any CPU
		{F4926AA6-93EA-4D4D-BA22-9DFB52199B38}.Debug|Any CPU.ActiveCfg = Debug|Any CPU
		{F4926AA6-93EA-4D4D-BA22-9DFB52199B38}.Debug|Any CPU.Build.0 = Debug|Any CPU
		{F4926AA6-93EA-4D4D-BA22-9DFB52199B38}.Release|Any CPU.ActiveCfg = Release|Any CPU
		{F4926AA6-93EA-4D4D-BA22-9DFB52199B38}.Release|Any CPU.Build.0 = Release|Any CPU
		{DE3D6B82-B17C-4DC9-A2ED-C86FA1485B3A}.Debug|Any CPU.ActiveCfg = Debug|Any CPU
		{DE3D6B82-B17C-4DC9-A2ED-C86FA1485B3A}.Debug|Any CPU.Build.0 = Debug|Any CPU
		{DE3D6B82-B17C-4DC9-A2ED-C86FA1485B3A}.Release|Any CPU.ActiveCfg = Release|Any CPU
		{DE3D6B82-B17C-4DC9-A2ED-C86FA1485B3A}.Release|Any CPU.Build.0 = Release|Any CPU
	EndGlobalSection
	GlobalSection(SolutionProperties) = preSolution
		HideSolutionNode = FALSE
	EndGlobalSection
	GlobalSection(ExtensibilityGlobals) = postSolution
		SolutionGuid = {012D5F86-9822-4579-B4F5-F7C4A42695FA}
	EndGlobalSection
EndGlobal
